
Microsoft Visual Studio Solution File, Format Version 12.00
# Visual Studio Version 17
VisualStudioVersion = 17.13.35825.156
MinimumVisualStudioVersion = 10.0.40219.1
Project("{2150E333-8FDC-42A3-9474-1A3956D46DE8}") = "src", "src", "{02EA681E-C7D8-13C7-8484-4AC65E1B71E8}"
EndProject
Project("{2150E333-8FDC-42A3-9474-1A3956D46DE8}") = "API", "API", "{92ED0BB5-405E-4464-86FA-40906E37AD59}"
EndProject
Project("{2150E333-8FDC-42A3-9474-1A3956D46DE8}") = "Core", "Core", "{FA3379F9-2AB0-49E3-AFE8-AD47AD6AC6A0}"
EndProject
Project("{2150E333-8FDC-42A3-9474-1A3956D46DE8}") = "Infrastructure", "Infrastructure", "{5F98D3AB-2A8E-477A-9B89-9B8DB4661553}"
EndProject
Project("{FAE04EC0-301F-11D3-BF4B-00C04F79EFBC}") = "NeoSOFTProject.Application", "NeoSOFTProject.Application\NeoSOFTProject.Application.csproj", "{850F84CD-B644-49A1-8D2B-FF334F5546BF}"
EndProject
Project("{FAE04EC0-301F-11D3-BF4B-00C04F79EFBC}") = "NeoSOFTProject.Domain", "NeoSOFTProject.Domain\NeoSOFTProject.Domain.csproj", "{B7BC7030-7D71-46EC-9C83-3A156EF629A4}"
EndProject
Project("{FAE04EC0-301F-11D3-BF4B-00C04F79EFBC}") = "NeoSOFTProject.Infrastructure", "NeoSOFTProject.Infrastructure\NeoSOFTProject.Infrastructure.csproj", "{C55611D5-AF08-4A9D-A03E-9A9022EC52A0}"
EndProject
Project("{FAE04EC0-301F-11D3-BF4B-00C04F79EFBC}") = "NeoSOFTProject.Persistence", "NeoSOFTProject.Persistence\NeoSOFTProject.Persistence.csproj", "{D9521608-9EF5-42C6-AB0F-6FD7B9B50D7E}"
EndProject
Project("{FAE04EC0-301F-11D3-BF4B-00C04F79EFBC}") = "NeoSOFTProject.Identity", "NeoSOFTProject.Identity\NeoSOFTProject.Identity.csproj", "{F966A3F3-174D-4935-BAB3-66DE527DC369}"
EndProject
Project("{FAE04EC0-301F-11D3-BF4B-00C04F79EFBC}") = "NeoSOFTProject.Api", "NeoSOFTProject.Api\NeoSOFTProject.Api.csproj", "{44061056-7D59-40A9-BE2D-A39A293B191F}"
EndProject
Global
	GlobalSection(SolutionConfigurationPlatforms) = preSolution
		Debug|Any CPU = Debug|Any CPU
		Release|Any CPU = Release|Any CPU
	EndGlobalSection
	GlobalSection(ProjectConfigurationPlatforms) = postSolution
		{850F84CD-B644-49A1-8D2B-FF334F5546BF}.Debug|Any CPU.ActiveCfg = Debug|Any CPU
		{850F84CD-B644-49A1-8D2B-FF334F5546BF}.Debug|Any CPU.Build.0 = Debug|Any CPU
		{850F84CD-B644-49A1-8D2B-FF334F5546BF}.Release|Any CPU.ActiveCfg = Release|Any CPU
		{850F84CD-B644-49A1-8D2B-FF334F5546BF}.Release|Any CPU.Build.0 = Release|Any CPU
		{B7BC7030-7D71-46EC-9C83-3A156EF629A4}.Debug|Any CPU.ActiveCfg = Debug|Any CPU
		{B7BC7030-7D71-46EC-9C83-3A156EF629A4}.Debug|Any CPU.Build.0 = Debug|Any CPU
		{B7BC7030-7D71-46EC-9C83-3A156EF629A4}.Release|Any CPU.ActiveCfg = Release|Any CPU
		{B7BC7030-7D71-46EC-9C83-3A156EF629A4}.Release|Any CPU.Build.0 = Release|Any CPU
		{C55611D5-AF08-4A9D-A03E-9A9022EC52A0}.Debug|Any CPU.ActiveCfg = Debug|Any CPU
		{C55611D5-AF08-4A9D-A03E-9A9022EC52A0}.Debug|Any CPU.Build.0 = Debug|Any CPU
		{C55611D5-AF08-4A9D-A03E-9A9022EC52A0}.Release|Any CPU.ActiveCfg = Release|Any CPU
		{C55611D5-AF08-4A9D-A03E-9A9022EC52A0}.Release|Any CPU.Build.0 = Release|Any CPU
		{D9521608-9EF5-42C6-AB0F-6FD7B9B50D7E}.Debug|Any CPU.ActiveCfg = Debug|Any CPU
		{D9521608-9EF5-42C6-AB0F-6FD7B9B50D7E}.Debug|Any CPU.Build.0 = Debug|Any CPU
		{D9521608-9EF5-42C6-AB0F-6FD7B9B50D7E}.Release|Any CPU.ActiveCfg = Release|Any CPU
		{D9521608-9EF5-42C6-AB0F-6FD7B9B50D7E}.Release|Any CPU.Build.0 = Release|Any CPU
		{F966A3F3-174D-4935-BAB3-66DE527DC369}.Debug|Any CPU.ActiveCfg = Debug|Any CPU
		{F966A3F3-174D-4935-BAB3-66DE527DC369}.Debug|Any CPU.Build.0 = Debug|Any CPU
		{F966A3F3-174D-4935-BAB3-66DE527DC369}.Release|Any CPU.ActiveCfg = Release|Any CPU
		{F966A3F3-174D-4935-BAB3-66DE527DC369}.Release|Any CPU.Build.0 = Release|Any CPU
		{44061056-7D59-40A9-BE2D-A39A293B191F}.Debug|Any CPU.ActiveCfg = Debug|Any CPU
		{44061056-7D59-40A9-BE2D-A39A293B191F}.Debug|Any CPU.Build.0 = Debug|Any CPU
		{44061056-7D59-40A9-BE2D-A39A293B191F}.Release|Any CPU.ActiveCfg = Release|Any CPU
		{44061056-7D59-40A9-BE2D-A39A293B191F}.Release|Any CPU.Build.0 = Release|Any CPU
	EndGlobalSection
	GlobalSection(SolutionProperties) = preSolution
		HideSolutionNode = FALSE
	EndGlobalSection
	GlobalSection(NestedProjects) = preSolution
		{92ED0BB5-405E-4464-86FA-40906E37AD59} = {02EA681E-C7D8-13C7-8484-4AC65E1B71E8}
		{FA3379F9-2AB0-49E3-AFE8-AD47AD6AC6A0} = {02EA681E-C7D8-13C7-8484-4AC65E1B71E8}
		{5F98D3AB-2A8E-477A-9B89-9B8DB4661553} = {02EA681E-C7D8-13C7-8484-4AC65E1B71E8}
		{850F84CD-B644-49A1-8D2B-FF334F5546BF} = {FA3379F9-2AB0-49E3-AFE8-AD47AD6AC6A0}
		{B7BC7030-7D71-46EC-9C83-3A156EF629A4} = {FA3379F9-2AB0-49E3-AFE8-AD47AD6AC6A0}
		{C55611D5-AF08-4A9D-A03E-9A9022EC52A0} = {5F98D3AB-2A8E-477A-9B89-9B8DB4661553}
		{D9521608-9EF5-42C6-AB0F-6FD7B9B50D7E} = {5F98D3AB-2A8E-477A-9B89-9B8DB4661553}
		{F966A3F3-174D-4935-BAB3-66DE527DC369} = {5F98D3AB-2A8E-477A-9B89-9B8DB4661553}
		{44061056-7D59-40A9-BE2D-A39A293B191F} = {92ED0BB5-405E-4464-86FA-40906E37AD59}
	EndGlobalSection
	GlobalSection(ExtensibilityGlobals) = postSolution
		SolutionGuid = {2202F7CF-E132-4D20-9A72-39F953022246}
	EndGlobalSection
EndGlobal
