
Microsoft Visual Studio Solution File, Format Version 12.00
# Visual Studio Version 17
VisualStudioVersion = 17.0.32014.148
MinimumVisualStudioVersion = 10.0.40219.1
Project("{2150E333-8FDC-42A3-9474-1A3956D46DE8}") = "src", "src", "{C5745335-A6FF-4143-B2CB-2BE08C9C2AFA}"
EndProject
Project("{2150E333-8FDC-42A3-9474-1A3956D46DE8}") = "Core", "Core", "{64C7D491-290A-4484-8EEC-3D850B0FDA30}"
EndProject
Project("{2150E333-8FDC-42A3-9474-1A3956D46DE8}") = "Infrastructure", "Infrastructure", "{62AC607D-4E22-4A8D-AAE6-5B64B2CEC539}"
EndProject
Project("{9A19103F-16F7-4668-BE54-9A1E7A4F7556}") = "NeoSoft.Application", "src\Core\NeoSoft.Application\NeoSoft.Application.csproj", "{752E8EF3-6F00-49F8-B5BF-974894BB8300}"
EndProject
Project("{9A19103F-16F7-4668-BE54-9A1E7A4F7556}") = "NeoSoft.Domain", "src\Core\NeoSoft.Domain\NeoSoft.Domain.csproj", "{8BAE6875-62BE-466A-9307-90F90AABBCDA}"
EndProject
Project("{9A19103F-16F7-4668-BE54-9A1E7A4F7556}") = "NeoSoft.Identity", "src\Infrastructure\NeoSoft.Identity\NeoSoft.Identity.csproj", "{AFD26DC8-3B27-4CBC-972E-9DB800E7E591}"
EndProject
Project("{9A19103F-16F7-4668-BE54-9A1E7A4F7556}") = "NeoSoft.Infrastructure", "src\Infrastructure\NeoSoft.Infrastructure\NeoSoft.Infrastructure.csproj", "{C0ABB202-90EF-45A7-8F34-D8B6FF7830FA}"
EndProject
Project("{9A19103F-16F7-4668-BE54-9A1E7A4F7556}") = "NeoSoft.Persistence", "src\Infrastructure\NeoSoft.Persistence\NeoSoft.Persistence.csproj", "{64B0BEF8-B0DE-4527-B254-65B34DE711A3}"
EndProject
Project("{2150E333-8FDC-42A3-9474-1A3956D46DE8}") = "test", "test", "{66517136-040F-4E1A-A1A1-321A97920B6E}"
EndProject
Project("{9A19103F-16F7-4668-BE54-9A1E7A4F7556}") = "NeoSoft.Persistence.IntegrationTests", "test\NeoSoft.Persistence.IntegrationTests\NeoSoft.Persistence.IntegrationTests.csproj", "{D542D0E1-46A2-4FD8-8CD8-49108FC64F09}"
	ProjectSection(ProjectDependencies) = postProject
		{752E8EF3-6F00-49F8-B5BF-974894BB8300} = {752E8EF3-6F00-49F8-B5BF-974894BB8300}
		{8BAE6875-62BE-466A-9307-90F90AABBCDA} = {8BAE6875-62BE-466A-9307-90F90AABBCDA}
		{64B0BEF8-B0DE-4527-B254-65B34DE711A3} = {64B0BEF8-B0DE-4527-B254-65B34DE711A3}
		{AFD26DC8-3B27-4CBC-972E-9DB800E7E591} = {AFD26DC8-3B27-4CBC-972E-9DB800E7E591}
	EndProjectSection
EndProject
Project("{9A19103F-16F7-4668-BE54-9A1E7A4F7556}") = "NeoSoft.Application.UnitTests", "test\NeoSoft.Application.UnitTests\NeoSoft.Application.UnitTests.csproj", "{752D618F-280B-452C-805F-C7573A43460B}"
EndProject
Project("{9A19103F-16F7-4668-BE54-9A1E7A4F7556}") = "NeoSoft.Identity.UnitTests", "test\NeoSoft.Identity.UnitTests\NeoSoft.Identity.UnitTests.csproj", "{6CB0CB28-F563-46B0-9ED8-F1677BCD41F1}"
EndProject
Project("{9A19103F-16F7-4668-BE54-9A1E7A4F7556}") = "NeoSoft.Infrastructure.UnitTests", "test\NeoSoft.Infrastructure.UnitTests\NeoSoft.Infrastructure.UnitTests.csproj", "{60EE5AF7-335B-4C17-817B-3418706F18E9}"
EndProject
Project("{2150E333-8FDC-42A3-9474-1A3956D46DE8}") = "API", "API", "{94366351-8D68-42C4-8B60-C0BBEE61AA4D}"
EndProject
Project("{9A19103F-16F7-4668-BE54-9A1E7A4F7556}") = "NeoSoft.Api", "src\API\NeoSoft.Api\NeoSoft.Api.csproj", "{648F71BF-3FE8-4683-816F-79B26155E5B2}"
EndProject
Project("{9A19103F-16F7-4668-BE54-9A1E7A4F7556}") = "NeoSoft.API.IntegrationTests", "test\NeoSoft.API.IntegrationTests\NeoSoft.API.IntegrationTests.csproj", "{9681D203-D0A2-4575-A5F7-C9C6202A2BA2}"
EndProject
Project("{9A19103F-16F7-4668-BE54-9A1E7A4F7556}") = "NeoSoft.API.UnitTests", "test\NeoSoft.API.UnitTests\NeoSoft.API.UnitTests.csproj", "{47412F5C-4D4F-4F16-ADA0-B8C598657007}"
EndProject
Global
	GlobalSection(SolutionConfigurationPlatforms) = preSolution
		Debug|Any CPU = Debug|Any CPU
		Release|Any CPU = Release|Any CPU
	EndGlobalSection
	GlobalSection(ProjectConfigurationPlatforms) = postSolution
		{752E8EF3-6F00-49F8-B5BF-974894BB8300}.Debug|Any CPU.ActiveCfg = Debug|Any CPU
		{752E8EF3-6F00-49F8-B5BF-974894BB8300}.Debug|Any CPU.Build.0 = Debug|Any CPU
		{752E8EF3-6F00-49F8-B5BF-974894BB8300}.Release|Any CPU.ActiveCfg = Release|Any CPU
		{752E8EF3-6F00-49F8-B5BF-974894BB8300}.Release|Any CPU.Build.0 = Release|Any CPU
		{8BAE6875-62BE-466A-9307-90F90AABBCDA}.Debug|Any CPU.ActiveCfg = Debug|Any CPU
		{8BAE6875-62BE-466A-9307-90F90AABBCDA}.Debug|Any CPU.Build.0 = Debug|Any CPU
		{8BAE6875-62BE-466A-9307-90F90AABBCDA}.Release|Any CPU.ActiveCfg = Release|Any CPU
		{8BAE6875-62BE-466A-9307-90F90AABBCDA}.Release|Any CPU.Build.0 = Release|Any CPU
		{AFD26DC8-3B27-4CBC-972E-9DB800E7E591}.Debug|Any CPU.ActiveCfg = Debug|Any CPU
		{AFD26DC8-3B27-4CBC-972E-9DB800E7E591}.Debug|Any CPU.Build.0 = Debug|Any CPU
		{AFD26DC8-3B27-4CBC-972E-9DB800E7E591}.Release|Any CPU.ActiveCfg = Release|Any CPU
		{AFD26DC8-3B27-4CBC-972E-9DB800E7E591}.Release|Any CPU.Build.0 = Release|Any CPU
		{C0ABB202-90EF-45A7-8F34-D8B6FF7830FA}.Debug|Any CPU.ActiveCfg = Debug|Any CPU
		{C0ABB202-90EF-45A7-8F34-D8B6FF7830FA}.Debug|Any CPU.Build.0 = Debug|Any CPU
		{C0ABB202-90EF-45A7-8F34-D8B6FF7830FA}.Release|Any CPU.ActiveCfg = Release|Any CPU
		{C0ABB202-90EF-45A7-8F34-D8B6FF7830FA}.Release|Any CPU.Build.0 = Release|Any CPU
		{64B0BEF8-B0DE-4527-B254-65B34DE711A3}.Debug|Any CPU.ActiveCfg = Debug|Any CPU
		{64B0BEF8-B0DE-4527-B254-65B34DE711A3}.Debug|Any CPU.Build.0 = Debug|Any CPU
		{64B0BEF8-B0DE-4527-B254-65B34DE711A3}.Release|Any CPU.ActiveCfg = Release|Any CPU
		{64B0BEF8-B0DE-4527-B254-65B34DE711A3}.Release|Any CPU.Build.0 = Release|Any CPU
		{D542D0E1-46A2-4FD8-8CD8-49108FC64F09}.Debug|Any CPU.ActiveCfg = Debug|Any CPU
		{D542D0E1-46A2-4FD8-8CD8-49108FC64F09}.Debug|Any CPU.Build.0 = Debug|Any CPU
		{D542D0E1-46A2-4FD8-8CD8-49108FC64F09}.Release|Any CPU.ActiveCfg = Release|Any CPU
		{D542D0E1-46A2-4FD8-8CD8-49108FC64F09}.Release|Any CPU.Build.0 = Release|Any CPU
		{752D618F-280B-452C-805F-C7573A43460B}.Debug|Any CPU.ActiveCfg = Debug|Any CPU
		{752D618F-280B-452C-805F-C7573A43460B}.Debug|Any CPU.Build.0 = Debug|Any CPU
		{752D618F-280B-452C-805F-C7573A43460B}.Release|Any CPU.ActiveCfg = Release|Any CPU
		{752D618F-280B-452C-805F-C7573A43460B}.Release|Any CPU.Build.0 = Release|Any CPU
		{6CB0CB28-F563-46B0-9ED8-F1677BCD41F1}.Debug|Any CPU.ActiveCfg = Debug|Any CPU
		{6CB0CB28-F563-46B0-9ED8-F1677BCD41F1}.Debug|Any CPU.Build.0 = Debug|Any CPU
		{6CB0CB28-F563-46B0-9ED8-F1677BCD41F1}.Release|Any CPU.ActiveCfg = Release|Any CPU
		{6CB0CB28-F563-46B0-9ED8-F1677BCD41F1}.Release|Any CPU.Build.0 = Release|Any CPU
		{60EE5AF7-335B-4C17-817B-3418706F18E9}.Debug|Any CPU.ActiveCfg = Debug|Any CPU
		{60EE5AF7-335B-4C17-817B-3418706F18E9}.Debug|Any CPU.Build.0 = Debug|Any CPU
		{60EE5AF7-335B-4C17-817B-3418706F18E9}.Release|Any CPU.ActiveCfg = Release|Any CPU
		{60EE5AF7-335B-4C17-817B-3418706F18E9}.Release|Any CPU.Build.0 = Release|Any CPU
		{648F71BF-3FE8-4683-816F-79B26155E5B2}.Debug|Any CPU.ActiveCfg = Debug|Any CPU
		{648F71BF-3FE8-4683-816F-79B26155E5B2}.Debug|Any CPU.Build.0 = Debug|Any CPU
		{648F71BF-3FE8-4683-816F-79B26155E5B2}.Release|Any CPU.ActiveCfg = Release|Any CPU
		{648F71BF-3FE8-4683-816F-79B26155E5B2}.Release|Any CPU.Build.0 = Release|Any CPU
		{9681D203-D0A2-4575-A5F7-C9C6202A2BA2}.Debug|Any CPU.ActiveCfg = Debug|Any CPU
		{9681D203-D0A2-4575-A5F7-C9C6202A2BA2}.Debug|Any CPU.Build.0 = Debug|Any CPU
		{9681D203-D0A2-4575-A5F7-C9C6202A2BA2}.Release|Any CPU.ActiveCfg = Release|Any CPU
		{9681D203-D0A2-4575-A5F7-C9C6202A2BA2}.Release|Any CPU.Build.0 = Release|Any CPU
		{47412F5C-4D4F-4F16-ADA0-B8C598657007}.Debug|Any CPU.ActiveCfg = Debug|Any CPU
		{47412F5C-4D4F-4F16-ADA0-B8C598657007}.Debug|Any CPU.Build.0 = Debug|Any CPU
		{47412F5C-4D4F-4F16-ADA0-B8C598657007}.Release|Any CPU.ActiveCfg = Release|Any CPU
		{47412F5C-4D4F-4F16-ADA0-B8C598657007}.Release|Any CPU.Build.0 = Release|Any CPU
	EndGlobalSection
	GlobalSection(SolutionProperties) = preSolution
		HideSolutionNode = FALSE
	EndGlobalSection
	GlobalSection(NestedProjects) = preSolution
		{64C7D491-290A-4484-8EEC-3D850B0FDA30} = {C5745335-A6FF-4143-B2CB-2BE08C9C2AFA}
		{62AC607D-4E22-4A8D-AAE6-5B64B2CEC539} = {C5745335-A6FF-4143-B2CB-2BE08C9C2AFA}
		{752E8EF3-6F00-49F8-B5BF-974894BB8300} = {64C7D491-290A-4484-8EEC-3D850B0FDA30}
		{8BAE6875-62BE-466A-9307-90F90AABBCDA} = {64C7D491-290A-4484-8EEC-3D850B0FDA30}
		{AFD26DC8-3B27-4CBC-972E-9DB800E7E591} = {62AC607D-4E22-4A8D-AAE6-5B64B2CEC539}
		{C0ABB202-90EF-45A7-8F34-D8B6FF7830FA} = {62AC607D-4E22-4A8D-AAE6-5B64B2CEC539}
		{64B0BEF8-B0DE-4527-B254-65B34DE711A3} = {62AC607D-4E22-4A8D-AAE6-5B64B2CEC539}
		{D542D0E1-46A2-4FD8-8CD8-49108FC64F09} = {66517136-040F-4E1A-A1A1-321A97920B6E}
		{752D618F-280B-452C-805F-C7573A43460B} = {66517136-040F-4E1A-A1A1-321A97920B6E}
		{6CB0CB28-F563-46B0-9ED8-F1677BCD41F1} = {66517136-040F-4E1A-A1A1-321A97920B6E}
		{60EE5AF7-335B-4C17-817B-3418706F18E9} = {66517136-040F-4E1A-A1A1-321A97920B6E}
		{94366351-8D68-42C4-8B60-C0BBEE61AA4D} = {C5745335-A6FF-4143-B2CB-2BE08C9C2AFA}
		{648F71BF-3FE8-4683-816F-79B26155E5B2} = {94366351-8D68-42C4-8B60-C0BBEE61AA4D}
		{9681D203-D0A2-4575-A5F7-C9C6202A2BA2} = {66517136-040F-4E1A-A1A1-321A97920B6E}
		{47412F5C-4D4F-4F16-ADA0-B8C598657007} = {66517136-040F-4E1A-A1A1-321A97920B6E}
	EndGlobalSection
	GlobalSection(ExtensibilityGlobals) = postSolution
		SolutionGuid = {920EDF2B-79D6-48A5-AF80-5C4256675664}
	EndGlobalSection
EndGlobal
